github.com/axiaoxin-com/weibo v1.0.0 h1:O8jxIRKSkVFC2TiMqD4hZYiL1ZbO3Mz/n0oX+U6IaZU=
github.com/axiaoxin-com/weibo v1.0.0/go.mod h1:+XUMRCHCtZylEf5JBQCNyADG2badTgd2qyHEvDDQBjM=
github.com/pkg/errors v0.9.1 h1:FEBLx1zS214owpjy7qsBeixbURkuhQAwrK5UwLGTwt4=
github.com/pkg/errors v0.9.1/go.mod h1:bwawxfHBFNV+L2hUp1rHADufV3IMtnDRdf1r5NINEl0=
github.com/robfig/cron v1.2.0 h1:ZjScXvvxeQ63Dbyxy76Fj3AT3Ut0aKsyd2/tl3DTMuQ=
github.com/robfig/cron v1.2.0/go.mod h1:JGuDeoQd7Z6yL4zQhZ3OPEVHB7fL6Ka6skscFHfmt2k=
